
Microsoft Visual Studio Solution File, Format Version 12.00
# Visual Studio 15
VisualStudioVersion = 15.0.36530.23
MinimumVisualStudioVersion = 10.0.40219.1
Project("{FAE04EC0-301F-11D3-BF4B-00C04F79EFBC}") = "VnprWinFormsApplication", "VnprWinFormsApplication\VnprWinFormsApplication.csproj", "{B20FA72B-E103-46B6-8105-5990E2224A59}"
EndProject
Global
	GlobalSection(SolutionConfigurationPlatforms) = preSolution
		Debug|Any CPU = Debug|Any CPU
		Release|Any CPU = Release|Any CPU
	EndGlobalSection
	GlobalSection(ProjectConfigurationPlatforms) = postSolution
		{B20FA72B-E103-46B6-8105-5990E2224A59}.Debug|Any CPU.ActiveCfg = Debug|Any CPU
		{B20FA72B-E103-46B6-8105-5990E2224A59}.Debug|Any CPU.Build.0 = Debug|Any CPU
		{B20FA72B-E103-46B6-8105-5990E2224A59}.Release|Any CPU.ActiveCfg = Release|Any CPU
		{B20FA72B-E103-46B6-8105-5990E2224A59}.Release|Any CPU.Build.0 = Release|Any CPU
	EndGlobalSection
	GlobalSection(SolutionProperties) = preSolution
		HideSolutionNode = FALSE
	EndGlobalSection
	GlobalSection(ExtensibilityGlobals) = postSolution
		SolutionGuid = {561C073B-2677-4165-9BA8-D1546D2D9747}
	EndGlobalSection
EndGlobal
